
Microsoft Visual Studio Solution File, Format Version 12.00
# Visual Studio 15
VisualStudioVersion = 15.0.28307.489
MinimumVisualStudioVersion = 10.0.40219.1
Project("{FAE04EC0-301F-11D3-BF4B-00C04F79EFBC}") = "first", "first\first.csproj", "{44E01A68-808C-400D-B820-83B49C8CE156}"
EndProject
Project("{FAE04EC0-301F-11D3-BF4B-00C04F79EFBC}") = "DataTypes", "DataTypes\DataTypes.csproj", "{C7CA2A51-17EF-497D-9744-15E76736CB57}"
EndProject
Project("{FAE04EC0-301F-11D3-BF4B-00C04F79EFBC}") = "DateTime", "DateTime\DateTime.csproj", "{DAF29185-EDF3-406B-B77E-99F0D7DFD438}"
EndProject
Project("{FAE04EC0-301F-11D3-BF4B-00C04F79EFBC}") = "DecisionMakingInCode", "DecisionMakingInCode\DecisionMakingInCode.csproj", "{BE30201D-E865-4ED6-B7F4-D2334978215D}"
EndProject
Project("{FAE04EC0-301F-11D3-BF4B-00C04F79EFBC}") = "LearningOOP", "LearningOOP\LearningOOP.csproj", "{590A7683-9F67-4CAA-8E22-C6CC8DBF7618}"
EndProject
Project("{FAE04EC0-301F-11D3-BF4B-00C04F79EFBC}") = "CalculatorApp", "CalculatorApp\CalculatorApp.csproj", "{D1A33EB5-74D6-4D75-ACA8-537AE710CDE2}"
EndProject
Global
	GlobalSection(SolutionConfigurationPlatforms) = preSolution
		Debug|Any CPU = Debug|Any CPU
		Release|Any CPU = Release|Any CPU
	EndGlobalSection
	GlobalSection(ProjectConfigurationPlatforms) = postSolution
		{44E01A68-808C-400D-B820-83B49C8CE156}.Debug|Any CPU.ActiveCfg = Debug|Any CPU
		{44E01A68-808C-400D-B820-83B49C8CE156}.Debug|Any CPU.Build.0 = Debug|Any CPU
		{44E01A68-808C-400D-B820-83B49C8CE156}.Release|Any CPU.ActiveCfg = Release|Any CPU
		{44E01A68-808C-400D-B820-83B49C8CE156}.Release|Any CPU.Build.0 = Release|Any CPU
		{C7CA2A51-17EF-497D-9744-15E76736CB57}.Debug|Any CPU.ActiveCfg = Debug|Any CPU
		{C7CA2A51-17EF-497D-9744-15E76736CB57}.Debug|Any CPU.Build.0 = Debug|Any CPU
		{C7CA2A51-17EF-497D-9744-15E76736CB57}.Release|Any CPU.ActiveCfg = Release|Any CPU
		{C7CA2A51-17EF-497D-9744-15E76736CB57}.Release|Any CPU.Build.0 = Release|Any CPU
		{DAF29185-EDF3-406B-B77E-99F0D7DFD438}.Debug|Any CPU.ActiveCfg = Debug|Any CPU
		{DAF29185-EDF3-406B-B77E-99F0D7DFD438}.Debug|Any CPU.Build.0 = Debug|Any CPU
		{DAF29185-EDF3-406B-B77E-99F0D7DFD438}.Release|Any CPU.ActiveCfg = Release|Any CPU
		{DAF29185-EDF3-406B-B77E-99F0D7DFD438}.Release|Any CPU.Build.0 = Release|Any CPU
		{BE30201D-E865-4ED6-B7F4-D2334978215D}.Debug|Any CPU.ActiveCfg = Debug|Any CPU
		{BE30201D-E865-4ED6-B7F4-D2334978215D}.Debug|Any CPU.Build.0 = Debug|Any CPU
		{BE30201D-E865-4ED6-B7F4-D2334978215D}.Release|Any CPU.ActiveCfg = Release|Any CPU
		{BE30201D-E865-4ED6-B7F4-D2334978215D}.Release|Any CPU.Build.0 = Release|Any CPU
		{590A7683-9F67-4CAA-8E22-C6CC8DBF7618}.Debug|Any CPU.ActiveCfg = Debug|Any CPU
		{590A7683-9F67-4CAA-8E22-C6CC8DBF7618}.Debug|Any CPU.Build.0 = Debug|Any CPU
		{590A7683-9F67-4CAA-8E22-C6CC8DBF7618}.Release|Any CPU.ActiveCfg = Release|Any CPU
		{590A7683-9F67-4CAA-8E22-C6CC8DBF7618}.Release|Any CPU.Build.0 = Release|Any CPU
		{D1A33EB5-74D6-4D75-ACA8-537AE710CDE2}.Debug|Any CPU.ActiveCfg = Debug|Any CPU
		{D1A33EB5-74D6-4D75-ACA8-537AE710CDE2}.Debug|Any CPU.Build.0 = Debug|Any CPU
		{D1A33EB5-74D6-4D75-ACA8-537AE710CDE2}.Release|Any CPU.ActiveCfg = Release|Any CPU
		{D1A33EB5-74D6-4D75-ACA8-537AE710CDE2}.Release|Any CPU.Build.0 = Release|Any CPU
	EndGlobalSection
	GlobalSection(SolutionProperties) = preSolution
		HideSolutionNode = FALSE
	EndGlobalSection
	GlobalSection(ExtensibilityGlobals) = postSolution
		SolutionGuid = {C791C411-FD98-4981-9C92-0EF0622F3695}
	EndGlobalSection
EndGlobal
